
Microsoft Visual Studio Solution File, Format Version 12.00
# Visual Studio 2013
VisualStudioVersion = 12.0.30723.0
MinimumVisualStudioVersion = 10.0.40219.1
Project("{FAE04EC0-301F-11D3-BF4B-00C04F79EFBC}") = "UniFTP.Common", "UniFTP\UniFTP.Common.csproj", "{4AB45E2B-1096-454B-A02B-AC89D10D06D4}"
EndProject
Project("{FAE04EC0-301F-11D3-BF4B-00C04F79EFBC}") = "UniFTP.Server", "UniFTP.Server\UniFTP.Server.csproj", "{73191499-85CD-4275-9237-0C838078832E}"
EndProject
Project("{FAE04EC0-301F-11D3-BF4B-00C04F79EFBC}") = "UniFTP.Client", "UniFTP.Client\UniFTP.Client.csproj", "{6E3C1016-90B1-414B-9F04-7BD9B1930DE9}"
EndProject
Project("{FAE04EC0-301F-11D3-BF4B-00C04F79EFBC}") = "UniFTPServerTestConsole", "UniFTPServerConsole\UniFTPServerTestConsole.csproj", "{79EBC28A-D408-452A-AD79-76378E16DBA4}"
EndProject
Project("{FAE04EC0-301F-11D3-BF4B-00C04F79EFBC}") = "GnuSslStream", "GnuSslStream\GnuSslStream.csproj", "{E8975487-6509-4663-BB61-14326E1AD464}"
EndProject
Project("{FAE04EC0-301F-11D3-BF4B-00C04F79EFBC}") = "UniFTPServer", "UniFTPServer\UniFTPServer.csproj", "{8C3556E6-9C55-4EFA-B5F1-1E93C7E5B9C7}"
EndProject
Global
	GlobalSection(SolutionConfigurationPlatforms) = preSolution
		Debug|Any CPU = Debug|Any CPU
		Release|Any CPU = Release|Any CPU
	EndGlobalSection
	GlobalSection(ProjectConfigurationPlatforms) = postSolution
		{4AB45E2B-1096-454B-A02B-AC89D10D06D4}.Debug|Any CPU.ActiveCfg = Debug|Any CPU
		{4AB45E2B-1096-454B-A02B-AC89D10D06D4}.Debug|Any CPU.Build.0 = Debug|Any CPU
		{4AB45E2B-1096-454B-A02B-AC89D10D06D4}.Release|Any CPU.ActiveCfg = Release|Any CPU
		{4AB45E2B-1096-454B-A02B-AC89D10D06D4}.Release|Any CPU.Build.0 = Release|Any CPU
		{73191499-85CD-4275-9237-0C838078832E}.Debug|Any CPU.ActiveCfg = Debug|Any CPU
		{73191499-85CD-4275-9237-0C838078832E}.Debug|Any CPU.Build.0 = Debug|Any CPU
		{73191499-85CD-4275-9237-0C838078832E}.Release|Any CPU.ActiveCfg = Release|Any CPU
		{73191499-85CD-4275-9237-0C838078832E}.Release|Any CPU.Build.0 = Release|Any CPU
		{6E3C1016-90B1-414B-9F04-7BD9B1930DE9}.Debug|Any CPU.ActiveCfg = Debug|Any CPU
		{6E3C1016-90B1-414B-9F04-7BD9B1930DE9}.Debug|Any CPU.Build.0 = Debug|Any CPU
		{6E3C1016-90B1-414B-9F04-7BD9B1930DE9}.Release|Any CPU.ActiveCfg = Release|Any CPU
		{6E3C1016-90B1-414B-9F04-7BD9B1930DE9}.Release|Any CPU.Build.0 = Release|Any CPU
		{79EBC28A-D408-452A-AD79-76378E16DBA4}.Debug|Any CPU.ActiveCfg = Debug|Any CPU
		{79EBC28A-D408-452A-AD79-76378E16DBA4}.Debug|Any CPU.Build.0 = Debug|Any CPU
		{79EBC28A-D408-452A-AD79-76378E16DBA4}.Release|Any CPU.ActiveCfg = Release|Any CPU
		{79EBC28A-D408-452A-AD79-76378E16DBA4}.Release|Any CPU.Build.0 = Release|Any CPU
		{E8975487-6509-4663-BB61-14326E1AD464}.Debug|Any CPU.ActiveCfg = Debug|Any CPU
		{E8975487-6509-4663-BB61-14326E1AD464}.Debug|Any CPU.Build.0 = Debug|Any CPU
		{E8975487-6509-4663-BB61-14326E1AD464}.Release|Any CPU.ActiveCfg = Release|Any CPU
		{E8975487-6509-4663-BB61-14326E1AD464}.Release|Any CPU.Build.0 = Release|Any CPU
		{8C3556E6-9C55-4EFA-B5F1-1E93C7E5B9C7}.Debug|Any CPU.ActiveCfg = Debug|Any CPU
		{8C3556E6-9C55-4EFA-B5F1-1E93C7E5B9C7}.Debug|Any CPU.Build.0 = Debug|Any CPU
		{8C3556E6-9C55-4EFA-B5F1-1E93C7E5B9C7}.Release|Any CPU.ActiveCfg = Release|Any CPU
		{8C3556E6-9C55-4EFA-B5F1-1E93C7E5B9C7}.Release|Any CPU.Build.0 = Release|Any CPU
	EndGlobalSection
	GlobalSection(SolutionProperties) = preSolution
		HideSolutionNode = FALSE
	EndGlobalSection
EndGlobal
